// !$*UTF8*$!
{
	archiveVersion = 1;
	classes = {
	};
	objectVersion = 46;
	objects = {

/* Begin PBXBuildFile section */
		B4852AE61DF1839C0060FD60 /* AppDelegate.swift in Sources */ = {isa = PBXBuildFile; fileRef = B4852AE51DF1839C0060FD60 /* AppDelegate.swift */; };
		B4852AE81DF1839C0060FD60 /* ViewController.swift in Sources */ = {isa = PBXBuildFile; fileRef = B4852AE71DF1839C0060FD60 /* ViewController.swift */; };
		B4852AEB1DF1839C0060FD60 /* Main.storyboard in Resources */ = {isa = PBXBuildFile; fileRef = B4852AE91DF1839C0060FD60 /* Main.storyboard */; };
		B4852AED1DF1839C0060FD60 /* Assets.xcassets in Resources */ = {isa = PBXBuildFile; fileRef = B4852AEC1DF1839C0060FD60 /* Assets.xcassets */; };
		B4852AF01DF1839C0060FD60 /* LaunchScreen.storyboard in Resources */ = {isa = PBXBuildFile; fileRef = B4852AEE1DF1839C0060FD60 /* LaunchScreen.storyboard */; };
		B4852AFB1DF1839C0060FD60 /* GeneralTests.swift in Sources */ = {isa = PBXBuildFile; fileRef = B4852AFA1DF1839C0060FD60 /* GeneralTests.swift */; };
/* End PBXBuildFile section */

/* Begin PBXContainerItemProxy section */
		B4852AF71DF1839C0060FD60 /* PBXContainerItemProxy */ = {
			isa = PBXContainerItemProxy;
			containerPortal = B4852ADA1DF1839C0060FD60 /* Project object */;
			proxyType = 1;
			remoteGlobalIDString = B4852AE11DF1839C0060FD60;
			remoteInfo = "ci-test";
		};
/* End PBXContainerItemProxy section */

/* Begin PBXFileReference section */
		B4852AE21DF1839C0060FD60 /* ci-test.app */ = {isa = PBXFileReference; explicitFileType = wrapper.application; includeInIndex = 0; path = "ci-test.app"; sourceTree = BUILT_PRODUCTS_DIR; };
		B4852AE51DF1839C0060FD60 /* AppDelegate.swift */ = {isa = PBXFileReference; lastKnownFileType = sourcecode.swift; path = AppDelegate.swift; sourceTree = "<group>"; };
		B4852AE71DF1839C0060FD60 /* ViewController.swift */ = {isa = PBXFileReference; lastKnownFileType = sourcecode.swift; path = ViewController.swift; sourceTree = "<group>"; };
		B4852AEA1DF1839C0060FD60 /* Base */ = {isa = PBXFileReference; lastKnownFileType = file.storyboard; name = Base; path = Base.lproj/Main.storyboard; sourceTree = "<group>"; };
		B4852AEC1DF1839C0060FD60 /* Assets.xcassets */ = {isa = PBXFileReference; lastKnownFileType = folder.assetcatalog; path = Assets.xcassets; sourceTree = "<group>"; };
		B4852AEF1DF1839C0060FD60 /* Base */ = {isa = PBXFileReference; lastKnownFileType = file.storyboard; name = Base; path = Base.lproj/LaunchScreen.storyboard; sourceTree = "<group>"; };
		B4852AF11DF1839C0060FD60 /* Info.plist */ = {isa = PBXFileReference; lastKnownFileType = text.plist.xml; path = Info.plist; sourceTree = "<group>"; };
		B4852AF61DF1839C0060FD60 /* ci-testTests.xctest */ = {isa = PBXFileReference; explicitFileType = wrapper.cfbundle; includeInIndex = 0; path = "ci-testTests.xctest"; sourceTree = BUILT_PRODUCTS_DIR; };
		B4852AFA1DF1839C0060FD60 /* GeneralTests.swift */ = {isa = PBXFileReference; lastKnownFileType = sourcecode.swift; path = GeneralTests.swift; sourceTree = "<group>"; };
		B4852AFC1DF1839C0060FD60 /* Info.plist */ = {isa = PBXFileReference; lastKnownFileType = text.plist.xml; path = Info.plist; sourceTree = "<group>"; };
/* End PBXFileReference section */

/* Begin PBXFrameworksBuildPhase section */
		B4852ADF1DF1839C0060FD60 /* Frameworks */ = {
			isa = PBXFrameworksBuildPhase;
			buildActionMask = 2147483647;
			files = (
			);
			runOnlyForDeploymentPostprocessing = 0;
		};
		B4852AF31DF1839C0060FD60 /* Frameworks */ = {
			isa = PBXFrameworksBuildPhase;
			buildActionMask = 2147483647;
			files = (
			);
			runOnlyForDeploymentPostprocessing = 0;
		};
/* End PBXFrameworksBuildPhase section */

/* Begin PBXGroup section */
		B4852AD91DF1839C0060FD60 = {
			isa = PBXGroup;
			children = (
				B4852AE41DF1839C0060FD60 /* ci-test */,
				B4852AF91DF1839C0060FD60 /* ci-testTests */,
				B4852AE31DF1839C0060FD60 /* Products */,
			);
			sourceTree = "<group>";
		};
		B4852AE31DF1839C0060FD60 /* Products */ = {
			isa = PBXGroup;
			children = (
				B4852AE21DF1839C0060FD60 /* ci-test.app */,
				B4852AF61DF1839C0060FD60 /* ci-testTests.xctest */,
			);
			name = Products;
			sourceTree = "<group>";
		};
		B4852AE41DF1839C0060FD60 /* ci-test */ = {
			isa = PBXGroup;
			children = (
				B4852AE51DF1839C0060FD60 /* AppDelegate.swift */,
				B4852AE71DF1839C0060FD60 /* ViewController.swift */,
				B4852AE91DF1839C0060FD60 /* Main.storyboard */,
				B4852AEC1DF1839C0060FD60 /* Assets.xcassets */,
				B4852AEE1DF1839C0060FD60 /* LaunchScreen.storyboard */,
				B4852AF11DF1839C0060FD60 /* Info.plist */,
			);
			path = "ci-test";
			sourceTree = "<group>";
		};
		B4852AF91DF1839C0060FD60 /* ci-testTests */ = {
			isa = PBXGroup;
			children = (
				B4852AFA1DF1839C0060FD60 /* GeneralTests.swift */,
				B4852AFC1DF1839C0060FD60 /* Info.plist */,
			);
			path = "ci-testTests";
			sourceTree = "<group>";
		};
/* End PBXGroup section */

/* Begin PBXNativeTarget section */
		B4852AE11DF1839C0060FD60 /* ci-test */ = {
			isa = PBXNativeTarget;
			buildConfigurationList = B4852AFF1DF1839C0060FD60 /* Build configuration list for PBXNativeTarget "ci-test" */;
			buildPhases = (
				B4852ADE1DF1839C0060FD60 /* Sources */,
				B4852ADF1DF1839C0060FD60 /* Frameworks */,
				B4852AE01DF1839C0060FD60 /* Resources */,
			);
			buildRules = (
			);
			dependencies = (
			);
			name = "ci-test";
			productName = "ci-test";
			productReference = B4852AE21DF1839C0060FD60 /* ci-test.app */;
			productType = "com.apple.product-type.application";
		};
		B4852AF51DF1839C0060FD60 /* ci-testTests */ = {
			isa = PBXNativeTarget;
			buildConfigurationList = B4852B021DF1839C0060FD60 /* Build configuration list for PBXNativeTarget "ci-testTests" */;
			buildPhases = (
				B4852AF21DF1839C0060FD60 /* Sources */,
				B4852AF31DF1839C0060FD60 /* Frameworks */,
				B4852AF41DF1839C0060FD60 /* Resources */,
			);
			buildRules = (
			);
			dependencies = (
				B4852AF81DF1839C0060FD60 /* PBXTargetDependency */,
			);
			name = "ci-testTests";
			productName = "ci-testTests";
			productReference = B4852AF61DF1839C0060FD60 /* ci-testTests.xctest */;
			productType = "com.apple.product-type.bundle.unit-test";
		};
/* End PBXNativeTarget section */

/* Begin PBXProject section */
		B4852ADA1DF1839C0060FD60 /* Project object */ = {
			isa = PBXProject;
			attributes = {
				LastSwiftUpdateCheck = 0810;
				LastUpgradeCheck = 0810;
				ORGANIZATIONNAME = pubnative;
				TargetAttributes = {
					B4852AE11DF1839C0060FD60 = {
						CreatedOnToolsVersion = 8.1;
						DevelopmentTeam = M532Z2EK3N;
						ProvisioningStyle = Automatic;
					};
					B4852AF51DF1839C0060FD60 = {
						CreatedOnToolsVersion = 8.1;
						ProvisioningStyle = Automatic;
						TestTargetID = B4852AE11DF1839C0060FD60;
					};
				};
			};
			buildConfigurationList = B4852ADD1DF1839C0060FD60 /* Build configuration list for PBXProject "ci-test" */;
			compatibilityVersion = "Xcode 3.2";
			developmentRegion = English;
			hasScannedForEncodings = 0;
			knownRegions = (
				en,
				Base,
			);
			mainGroup = B4852AD91DF1839C0060FD60;
			productRefGroup = B4852AE31DF1839C0060FD60 /* Products */;
			projectDirPath = "";
			projectRoot = "";
			targets = (
				B4852AE11DF1839C0060FD60 /* ci-test */,
				B4852AF51DF1839C0060FD60 /* ci-testTests */,
			);
		};
/* End PBXProject section */

/* Begin PBXResourcesBuildPhase section */
		B4852AE01DF1839C0060FD60 /* Resources */ = {
			isa = PBXResourcesBuildPhase;
			buildActionMask = 2147483647;
			files = (
				B4852AF01DF1839C0060FD60 /* LaunchScreen.storyboard in Resources */,
				B4852AED1DF1839C0060FD60 /* Assets.xcassets in Resources */,
				B4852AEB1DF1839C0060FD60 /* Main.storyboard in Resources */,
			);
			runOnlyForDeploymentPostprocessing = 0;
		};
		B4852AF41DF1839C0060FD60 /* Resources */ = {
			isa = PBXResourcesBuildPhase;
			buildActionMask = 2147483647;
			files = (
			);
			runOnlyForDeploymentPostprocessing = 0;
		};
/* End PBXResourcesBuildPhase section */

/* Begin PBXSourcesBuildPhase section */
		B4852ADE1DF1839C0060FD60 /* Sources */ = {
			isa = PBXSourcesBuildPhase;
			buildActionMask = 2147483647;
			files = (
				B4852AE81DF1839C0060FD60 /* ViewController.swift in Sources */,
				B4852AE61DF1839C0060FD60 /* AppDelegate.swift in Sources */,
			);
			runOnlyForDeploymentPostprocessing = 0;
		};
		B4852AF21DF1839C0060FD60 /* Sources */ = {
			isa = PBXSourcesBuildPhase;
			buildActionMask = 2147483647;
			files = (
				B4852AFB1DF1839C0060FD60 /* GeneralTests.swift in Sources */,
			);
			runOnlyForDeploymentPostprocessing = 0;
		};
/* End PBXSourcesBuildPhase section */

/* Begin PBXTargetDependency section */
		B4852AF81DF1839C0060FD60 /* PBXTargetDependency */ = {
			isa = PBXTargetDependency;
			target = B4852AE11DF1839C0060FD60 /* ci-test */;
			targetProxy = B4852AF71DF1839C0060FD60 /* PBXContainerItemProxy */;
		};
/* End PBXTargetDependency section */

/* Begin PBXVariantGroup section */
		B4852AE91DF1839C0060FD60 /* Main.storyboard */ = {
			isa = PBXVariantGroup;
			children = (
				B4852AEA1DF1839C0060FD60 /* Base */,
			);
			name = Main.storyboard;
			sourceTree = "<group>";
		};
		B4852AEE1DF1839C0060FD60 /* LaunchScreen.storyboard */ = {
			isa = PBXVariantGroup;
			children = (
				B4852AEF1DF1839C0060FD60 /* Base */,
			);
			name = LaunchScreen.storyboard;
			sourceTree = "<group>";
		};
/* End PBXVariantGroup section */

/* Begin XCBuildConfiguration section */
		B4852AFD1DF1839C0060FD60 /* Debug */ = {
			isa = XCBuildConfiguration;
			buildSettings = {
				ALWAYS_SEARCH_USER_PATHS = NO;
				CLANG_ANALYZER_NONNULL = YES;
				CLANG_CXX_LANGUAGE_STANDARD = "gnu++0x";
				CLANG_CXX_LIBRARY = "libc++";
				CLANG_ENABLE_MODULES = YES;
				CLANG_ENABLE_OBJC_ARC = YES;
				CLANG_WARN_BOOL_CONVERSION = YES;
				CLANG_WARN_CONSTANT_CONVERSION = YES;
				CLANG_WARN_DIRECT_OBJC_ISA_USAGE = YES_ERROR;
				CLANG_WARN_DOCUMENTATION_COMMENTS = YES;
				CLANG_WARN_EMPTY_BODY = YES;
				CLANG_WARN_ENUM_CONVERSION = YES;
				CLANG_WARN_INFINITE_RECURSION = YES;
				CLANG_WARN_INT_CONVERSION = YES;
				CLANG_WARN_OBJC_ROOT_CLASS = YES_ERROR;
				CLANG_WARN_SUSPICIOUS_MOVES = YES;
				CLANG_WARN_UNREACHABLE_CODE = YES;
				CLANG_WARN__DUPLICATE_METHOD_MATCH = YES;
				"CODE_SIGN_IDENTITY[sdk=iphoneos*]" = "iPhone Developer";
				COPY_PHASE_STRIP = NO;
				DEBUG_INFORMATION_FORMAT = dwarf;
				ENABLE_STRICT_OBJC_MSGSEND = YES;
				ENABLE_TESTABILITY = YES;
				GCC_C_LANGUAGE_STANDARD = gnu99;
				GCC_DYNAMIC_NO_PIC = NO;
				GCC_NO_COMMON_BLOCKS = YES;
				GCC_OPTIMIZATION_LEVEL = 0;
				GCC_PREPROCESSOR_DEFINITIONS = (
					"DEBUG=1",
					"$(inherited)",
				);
				GCC_WARN_64_TO_32_BIT_CONVERSION = YES;
				GCC_WARN_ABOUT_RETURN_TYPE = YES_ERROR;
				GCC_WARN_UNDECLARED_SELECTOR = YES;
				GCC_WARN_UNINITIALIZED_AUTOS = YES_AGGRESSIVE;
				GCC_WARN_UNUSED_FUNCTION = YES;
				GCC_WARN_UNUSED_VARIABLE = YES;
				IPHONEOS_DEPLOYMENT_TARGET = 10.1;
				MTL_ENABLE_DEBUG_INFO = YES;
				ONLY_ACTIVE_ARCH = YES;
				SDKROOT = iphoneos;
				SWIFT_ACTIVE_COMPILATION_CONDITIONS = DEBUG;
				SWIFT_OPTIMIZATION_LEVEL = "-Onone";
				TARGETED_DEVICE_FAMILY = "1,2";
			};
			name = Debug;
		};
		B4852AFE1DF1839C0060FD60 /* Release */ = {
			isa = XCBuildConfiguration;
			buildSettings = {
				ALWAYS_SEARCH_USER_PATHS = NO;
				CLANG_ANALYZER_NONNULL = YES;
				CLANG_CXX_LANGUAGE_STANDARD = "gnu++0x";
				CLANG_CXX_LIBRARY = "libc++";
				CLANG_ENABLE_MODULES = YES;
				CLANG_ENABLE_OBJC_ARC = YES;
				CLANG_WARN_BOOL_CONVERSION = YES;
				CLANG_WARN_CONSTANT_CONVERSION = YES;
				CLANG_WARN_DIRECT_OBJC_ISA_USAGE = YES_ERROR;
				CLANG_WARN_DOCUMENTATION_COMMENTS = YES;
				CLANG_WARN_EMPTY_BODY = YES;
				CLANG_WARN_ENUM_CONVERSION = YES;
				CLANG_WARN_INFINITE_RECURSION = YES;
				CLANG_WARN_INT_CONVERSION = YES;
				CLANG_WARN_OBJC_ROOT_CLASS = YES_ERROR;
				CLANG_WARN_SUSPICIOUS_MOVES = YES;
				CLANG_WARN_UNREACHABLE_CODE = YES;
				CLANG_WARN__DUPLICATE_METHOD_MATCH = YES;
				"CODE_SIGN_IDENTITY[sdk=iphoneos*]" = "iPhone Developer";
				COPY_PHASE_STRIP = NO;
				DEBUG_INFORMATION_FORMAT = "dwarf-with-dsym";
				ENABLE_NS_ASSERTIONS = NO;
				ENABLE_STRICT_OBJC_MSGSEND = YES;
				GCC_C_LANGUAGE_STANDARD = gnu99;
				GCC_NO_COMMON_BLOCKS = YES;
				GCC_WARN_64_TO_32_BIT_CONVERSION = YES;
				GCC_WARN_ABOUT_RETURN_TYPE = YES_ERROR;
				GCC_WARN_UNDECLARED_SELECTOR = YES;
				GCC_WARN_UNINITIALIZED_AUTOS = YES_AGGRESSIVE;
				GCC_WARN_UNUSED_FUNCTION = YES;
				GCC_WARN_UNUSED_VARIABLE = YES;
				IPHONEOS_DEPLOYMENT_TARGET = 10.1;
				MTL_ENABLE_DEBUG_INFO = NO;
				SDKROOT = iphoneos;
				SWIFT_OPTIMIZATION_LEVEL = "-Owholemodule";
				TARGETED_DEVICE_FAMILY = "1,2";
				VALIDATE_PRODUCT = YES;
			};
			name = Release;
		};
		B4852B001DF1839C0060FD60 /* Debug */ = {
			isa = XCBuildConfiguration;
			buildSettings = {
				ASSETCATALOG_COMPILER_APPICON_NAME = AppIcon;
				CURRENT_PROJECT_VERSION = 1;
				DEVELOPMENT_TEAM = M532Z2EK3N;
				INFOPLIST_FILE = "ci-test/Info.plist";
				LD_RUNPATH_SEARCH_PATHS = "$(inherited) @executable_path/Frameworks";
				PRODUCT_BUNDLE_IDENTIFIER = "com.martinmacias.ci-test";
				PRODUCT_NAME = "$(TARGET_NAME)";
				SWIFT_VERSION = 3.0;
			};
			name = Debug;
		};
		B4852B011DF1839C0060FD60 /* Release */ = {
			isa = XCBuildConfiguration;
			buildSettings = {
				ASSETCATALOG_COMPILER_APPICON_NAME = AppIcon;
				CURRENT_PROJECT_VERSION = 1;
				DEVELOPMENT_TEAM = M532Z2EK3N;
				INFOPLIST_FILE = "ci-test/Info.plist";
				LD_RUNPATH_SEARCH_PATHS = "$(inherited) @executable_path/Frameworks";
				PRODUCT_BUNDLE_IDENTIFIER = "com.martinmacias.ci-test";
				PRODUCT_NAME = "$(TARGET_NAME)";
				SWIFT_VERSION = 3.0;
			};
			name = Release;
		};
		B4852B031DF1839C0060FD60 /* Debug */ = {
			isa = XCBuildConfiguration;
			buildSettings = {
				ALWAYS_EMBED_SWIFT_STANDARD_LIBRARIES = YES;
				BUNDLE_LOADER = "$(TEST_HOST)";
				INFOPLIST_FILE = "ci-testTests/Info.plist";
				LD_RUNPATH_SEARCH_PATHS = "$(inherited) @executable_path/Frameworks @loader_path/Frameworks";
				PRODUCT_BUNDLE_IDENTIFIER = "net.pubnative.ci-testTests";
				PRODUCT_NAME = "$(TARGET_NAME)";
				SWIFT_VERSION = 3.0;
				TEST_HOST = "$(BUILT_PRODUCTS_DIR)/ci-test.app/ci-test";
			};
			name = Debug;
		};
		B4852B041DF1839C0060FD60 /* Release */ = {
			isa = XCBuildConfiguration;
			buildSettings = {
				ALWAYS_EMBED_SWIFT_STANDARD_LIBRARIES = YES;
				BUNDLE_LOADER = "$(TEST_HOST)";
				INFOPLIST_FILE = "ci-testTests/Info.plist";
				LD_RUNPATH_SEARCH_PATHS = "$(inherited) @executable_path/Frameworks @loader_path/Frameworks";
				PRODUCT_BUNDLE_IDENTIFIER = "net.pubnative.ci-testTests";
				PRODUCT_NAME = "$(TARGET_NAME)";
				SWIFT_VERSION = 3.0;
				TEST_HOST = "$(BUILT_PRODUCTS_DIR)/ci-test.app/ci-test";
			};
			name = Release;
		};
/* End XCBuildConfiguration section */

/* Begin XCConfigurationList section */
		B4852ADD1DF1839C0060FD60 /* Build configuration list for PBXProject "ci-test" */ = {
			isa = XCConfigurationList;
			buildConfigurations = (
				B4852AFD1DF1839C0060FD60 /* Debug */,
				B4852AFE1DF1839C0060FD60 /* Release */,
			);
			defaultConfigurationIsVisible = 0;
			defaultConfigurationName = Release;
		};
		B4852AFF1DF1839C0060FD60 /* Build configuration list for PBXNativeTarget "ci-test" */ = {
			isa = XCConfigurationList;
			buildConfigurations = (
				B4852B001DF1839C0060FD60 /* Debug */,
				B4852B011DF1839C0060FD60 /* Release */,
			);
			defaultConfigurationIsVisible = 0;
			defaultConfigurationName = Release;
		};
		B4852B021DF1839C0060FD60 /* Build configuration list for PBXNativeTarget "ci-testTests" */ = {
			isa = XCConfigurationList;
			buildConfigurations = (
				B4852B031DF1839C0060FD60 /* Debug */,
				B4852B041DF1839C0060FD60 /* Release */,
			);
			defaultConfigurationIsVisible = 0;
			defaultConfigurationName = Release;
		};
/* End XCConfigurationList section */
	};
	rootObject = B4852ADA1DF1839C0060FD60 /* Project object */;
}
